{
  "name": "server",
  "version": "1.0.0",
  "lockfileVersion": 2,
  "requires": true,
  "packages": {
    "": {
      "name": "server",
      "version": "1.0.0",
      "license": "ISC",
      "dependencies": {
        "myserver-bodyparser": "github:nitinsharmacs/myserver-bodyparser"
      }
    },
    "node_modules/myserver-bodyparser": {
      "version": "1.0.0",
      "resolved": "git+ssh://git@github.com/nitinsharmacs/myserver-bodyparser.git#a418f7fa008672710dc6010b4e6ddaf60b68e4e5",
      "license": "ISC"
    }
  },
  "dependencies": {
    "myserver-bodyparser": {
      "version": "git+ssh://git@github.com/nitinsharmacs/myserver-bodyparser.git#a418f7fa008672710dc6010b4e6ddaf60b68e4e5",
      "from": "myserver-bodyparser@https://github.com/nitinsharmacs/myserver-bodyparser"
    }
  }
}